
Microsoft Visual Studio Solution File, Format Version 12.00
# Visual Studio Express 2012 for Windows Desktop
Project("{FAE04EC0-301F-11D3-BF4B-00C04F79EFBC}") = "blink1", "blink1.csproj", "{1BE117EA-9EF8-49D5-BF45-8603FDDD60A2}"
EndProject
Project("{FAE04EC0-301F-11D3-BF4B-00C04F79EFBC}") = "MiniHttpd", "MiniHttpd\MiniHttpd.csproj", "{3E1BEF4C-CC09-4C31-AFB5-15A951811AC6}"
EndProject
Project("{FAE04EC0-301F-11D3-BF4B-00C04F79EFBC}") = "Newtonsoft.Json", "JSON\Newtonsoft.Json\Newtonsoft.Json.csproj", "{A9AE40FF-1A21-414A-9FE7-3BE13644CC6D}"
EndProject
Global
	GlobalSection(SolutionConfigurationPlatforms) = preSolution
		Debug_Linux|Any CPU = Debug_Linux|Any CPU
		Debug_Linux|Mixed Platforms = Debug_Linux|Mixed Platforms
		Debug_Linux|Win32 = Debug_Linux|Win32
		Debug_Linux|x64 = Debug_Linux|x64
		Debug_Linux|x86 = Debug_Linux|x86
		Debug_NET2|Any CPU = Debug_NET2|Any CPU
		Debug_NET2|Mixed Platforms = Debug_NET2|Mixed Platforms
		Debug_NET2|Win32 = Debug_NET2|Win32
		Debug_NET2|x64 = Debug_NET2|x64
		Debug_NET2|x86 = Debug_NET2|x86
		Debug|Any CPU = Debug|Any CPU
		Debug|Mixed Platforms = Debug|Mixed Platforms
		Debug|Win32 = Debug|Win32
		Debug|x64 = Debug|x64
		Debug|x86 = Debug|x86
		Release_Linux|Any CPU = Release_Linux|Any CPU
		Release_Linux|Mixed Platforms = Release_Linux|Mixed Platforms
		Release_Linux|Win32 = Release_Linux|Win32
		Release_Linux|x64 = Release_Linux|x64
		Release_Linux|x86 = Release_Linux|x86
		Release_NET2|Any CPU = Release_NET2|Any CPU
		Release_NET2|Mixed Platforms = Release_NET2|Mixed Platforms
		Release_NET2|Win32 = Release_NET2|Win32
		Release_NET2|x64 = Release_NET2|x64
		Release_NET2|x86 = Release_NET2|x86
		Release|Any CPU = Release|Any CPU
		Release|Mixed Platforms = Release|Mixed Platforms
		Release|Win32 = Release|Win32
		Release|x64 = Release|x64
		Release|x86 = Release|x86
	EndGlobalSection
	GlobalSection(ProjectConfigurationPlatforms) = postSolution
		{1BE117EA-9EF8-49D5-BF45-8603FDDD60A2}.Debug_Linux|Any CPU.ActiveCfg = Debug|Any CPU
		{1BE117EA-9EF8-49D5-BF45-8603FDDD60A2}.Debug_Linux|Any CPU.Build.0 = Debug|Any CPU
		{1BE117EA-9EF8-49D5-BF45-8603FDDD60A2}.Debug_Linux|Mixed Platforms.ActiveCfg = Debug|x86
		{1BE117EA-9EF8-49D5-BF45-8603FDDD60A2}.Debug_Linux|Mixed Platforms.Build.0 = Debug|x86
		{1BE117EA-9EF8-49D5-BF45-8603FDDD60A2}.Debug_Linux|Win32.ActiveCfg = Debug|x86
		{1BE117EA-9EF8-49D5-BF45-8603FDDD60A2}.Debug_Linux|Win32.Build.0 = Debug|x86
		{1BE117EA-9EF8-49D5-BF45-8603FDDD60A2}.Debug_Linux|x64.ActiveCfg = Debug|x64
		{1BE117EA-9EF8-49D5-BF45-8603FDDD60A2}.Debug_Linux|x64.Build.0 = Debug|x64
		{1BE117EA-9EF8-49D5-BF45-8603FDDD60A2}.Debug_Linux|x86.ActiveCfg = Debug|Any CPU
		{1BE117EA-9EF8-49D5-BF45-8603FDDD60A2}.Debug_NET2|Any CPU.ActiveCfg = Debug|Any CPU
		{1BE117EA-9EF8-49D5-BF45-8603FDDD60A2}.Debug_NET2|Any CPU.Build.0 = Debug|Any CPU
		{1BE117EA-9EF8-49D5-BF45-8603FDDD60A2}.Debug_NET2|Mixed Platforms.ActiveCfg = Debug|x86
		{1BE117EA-9EF8-49D5-BF45-8603FDDD60A2}.Debug_NET2|Mixed Platforms.Build.0 = Debug|x86
		{1BE117EA-9EF8-49D5-BF45-8603FDDD60A2}.Debug_NET2|Win32.ActiveCfg = Debug|x86
		{1BE117EA-9EF8-49D5-BF45-8603FDDD60A2}.Debug_NET2|Win32.Build.0 = Debug|x86
		{1BE117EA-9EF8-49D5-BF45-8603FDDD60A2}.Debug_NET2|x64.ActiveCfg = Debug|x64
		{1BE117EA-9EF8-49D5-BF45-8603FDDD60A2}.Debug_NET2|x64.Build.0 = Debug|x64
		{1BE117EA-9EF8-49D5-BF45-8603FDDD60A2}.Debug_NET2|x86.ActiveCfg = Debug|Any CPU
		{1BE117EA-9EF8-49D5-BF45-8603FDDD60A2}.Debug|Any CPU.ActiveCfg = Debug|Any CPU
		{1BE117EA-9EF8-49D5-BF45-8603FDDD60A2}.Debug|Any CPU.Build.0 = Debug|Any CPU
		{1BE117EA-9EF8-49D5-BF45-8603FDDD60A2}.Debug|Mixed Platforms.ActiveCfg = Debug|x86
		{1BE117EA-9EF8-49D5-BF45-8603FDDD60A2}.Debug|Mixed Platforms.Build.0 = Debug|x86
		{1BE117EA-9EF8-49D5-BF45-8603FDDD60A2}.Debug|Win32.ActiveCfg = Debug|x86
		{1BE117EA-9EF8-49D5-BF45-8603FDDD60A2}.Debug|Win32.Build.0 = Debug|x86
		{1BE117EA-9EF8-49D5-BF45-8603FDDD60A2}.Debug|x64.ActiveCfg = Debug|x64
		{1BE117EA-9EF8-49D5-BF45-8603FDDD60A2}.Debug|x64.Build.0 = Debug|x64
		{1BE117EA-9EF8-49D5-BF45-8603FDDD60A2}.Debug|x86.ActiveCfg = Debug|x86
		{1BE117EA-9EF8-49D5-BF45-8603FDDD60A2}.Debug|x86.Build.0 = Debug|x86
		{1BE117EA-9EF8-49D5-BF45-8603FDDD60A2}.Release_Linux|Any CPU.ActiveCfg = Release|Any CPU
		{1BE117EA-9EF8-49D5-BF45-8603FDDD60A2}.Release_Linux|Any CPU.Build.0 = Release|Any CPU
		{1BE117EA-9EF8-49D5-BF45-8603FDDD60A2}.Release_Linux|Mixed Platforms.ActiveCfg = Release|x86
		{1BE117EA-9EF8-49D5-BF45-8603FDDD60A2}.Release_Linux|Mixed Platforms.Build.0 = Release|x86
		{1BE117EA-9EF8-49D5-BF45-8603FDDD60A2}.Release_Linux|Win32.ActiveCfg = Release|x86
		{1BE117EA-9EF8-49D5-BF45-8603FDDD60A2}.Release_Linux|Win32.Build.0 = Release|x86
		{1BE117EA-9EF8-49D5-BF45-8603FDDD60A2}.Release_Linux|x64.ActiveCfg = Release|x64
		{1BE117EA-9EF8-49D5-BF45-8603FDDD60A2}.Release_Linux|x64.Build.0 = Release|x64
		{1BE117EA-9EF8-49D5-BF45-8603FDDD60A2}.Release_Linux|x86.ActiveCfg = Release|Any CPU
		{1BE117EA-9EF8-49D5-BF45-8603FDDD60A2}.Release_NET2|Any CPU.ActiveCfg = Release|Any CPU
		{1BE117EA-9EF8-49D5-BF45-8603FDDD60A2}.Release_NET2|Any CPU.Build.0 = Release|Any CPU
		{1BE117EA-9EF8-49D5-BF45-8603FDDD60A2}.Release_NET2|Mixed Platforms.ActiveCfg = Release|x86
		{1BE117EA-9EF8-49D5-BF45-8603FDDD60A2}.Release_NET2|Mixed Platforms.Build.0 = Release|x86
		{1BE117EA-9EF8-49D5-BF45-8603FDDD60A2}.Release_NET2|Win32.ActiveCfg = Release|x86
		{1BE117EA-9EF8-49D5-BF45-8603FDDD60A2}.Release_NET2|Win32.Build.0 = Release|x86
		{1BE117EA-9EF8-49D5-BF45-8603FDDD60A2}.Release_NET2|x64.ActiveCfg = Release|x64
		{1BE117EA-9EF8-49D5-BF45-8603FDDD60A2}.Release_NET2|x64.Build.0 = Release|x64
		{1BE117EA-9EF8-49D5-BF45-8603FDDD60A2}.Release_NET2|x86.ActiveCfg = Release|Any CPU
		{1BE117EA-9EF8-49D5-BF45-8603FDDD60A2}.Release|Any CPU.ActiveCfg = Release|Any CPU
		{1BE117EA-9EF8-49D5-BF45-8603FDDD60A2}.Release|Any CPU.Build.0 = Release|Any CPU
		{1BE117EA-9EF8-49D5-BF45-8603FDDD60A2}.Release|Mixed Platforms.ActiveCfg = Release|x86
		{1BE117EA-9EF8-49D5-BF45-8603FDDD60A2}.Release|Mixed Platforms.Build.0 = Release|x86
		{1BE117EA-9EF8-49D5-BF45-8603FDDD60A2}.Release|Win32.ActiveCfg = Release|x86
		{1BE117EA-9EF8-49D5-BF45-8603FDDD60A2}.Release|Win32.Build.0 = Release|x86
		{1BE117EA-9EF8-49D5-BF45-8603FDDD60A2}.Release|x64.ActiveCfg = Release|x64
		{1BE117EA-9EF8-49D5-BF45-8603FDDD60A2}.Release|x64.Build.0 = Release|x64
		{1BE117EA-9EF8-49D5-BF45-8603FDDD60A2}.Release|x86.ActiveCfg = Release|x86
		{3E1BEF4C-CC09-4C31-AFB5-15A951811AC6}.Debug_Linux|Any CPU.ActiveCfg = Debug|Any CPU
		{3E1BEF4C-CC09-4C31-AFB5-15A951811AC6}.Debug_Linux|Any CPU.Build.0 = Debug|Any CPU
		{3E1BEF4C-CC09-4C31-AFB5-15A951811AC6}.Debug_Linux|Mixed Platforms.ActiveCfg = Debug|Any CPU
		{3E1BEF4C-CC09-4C31-AFB5-15A951811AC6}.Debug_Linux|Mixed Platforms.Build.0 = Debug|Any CPU
		{3E1BEF4C-CC09-4C31-AFB5-15A951811AC6}.Debug_Linux|Win32.ActiveCfg = Debug|Any CPU
		{3E1BEF4C-CC09-4C31-AFB5-15A951811AC6}.Debug_Linux|x64.ActiveCfg = Debug|Any CPU
		{3E1BEF4C-CC09-4C31-AFB5-15A951811AC6}.Debug_Linux|x86.ActiveCfg = Debug|Any CPU
		{3E1BEF4C-CC09-4C31-AFB5-15A951811AC6}.Debug_NET2|Any CPU.ActiveCfg = Debug|Any CPU
		{3E1BEF4C-CC09-4C31-AFB5-15A951811AC6}.Debug_NET2|Any CPU.Build.0 = Debug|Any CPU
		{3E1BEF4C-CC09-4C31-AFB5-15A951811AC6}.Debug_NET2|Mixed Platforms.ActiveCfg = Debug|Any CPU
		{3E1BEF4C-CC09-4C31-AFB5-15A951811AC6}.Debug_NET2|Mixed Platforms.Build.0 = Debug|Any CPU
		{3E1BEF4C-CC09-4C31-AFB5-15A951811AC6}.Debug_NET2|Win32.ActiveCfg = Debug|Any CPU
		{3E1BEF4C-CC09-4C31-AFB5-15A951811AC6}.Debug_NET2|x64.ActiveCfg = Debug|Any CPU
		{3E1BEF4C-CC09-4C31-AFB5-15A951811AC6}.Debug_NET2|x86.ActiveCfg = Debug|Any CPU
		{3E1BEF4C-CC09-4C31-AFB5-15A951811AC6}.Debug|Any CPU.ActiveCfg = Debug|Any CPU
		{3E1BEF4C-CC09-4C31-AFB5-15A951811AC6}.Debug|Any CPU.Build.0 = Debug|Any CPU
		{3E1BEF4C-CC09-4C31-AFB5-15A951811AC6}.Debug|Mixed Platforms.ActiveCfg = Debug|Any CPU
		{3E1BEF4C-CC09-4C31-AFB5-15A951811AC6}.Debug|Mixed Platforms.Build.0 = Debug|Any CPU
		{3E1BEF4C-CC09-4C31-AFB5-15A951811AC6}.Debug|Win32.ActiveCfg = Debug|Any CPU
		{3E1BEF4C-CC09-4C31-AFB5-15A951811AC6}.Debug|x64.ActiveCfg = Debug|Any CPU
		{3E1BEF4C-CC09-4C31-AFB5-15A951811AC6}.Debug|x86.ActiveCfg = Debug|Any CPU
		{3E1BEF4C-CC09-4C31-AFB5-15A951811AC6}.Release_Linux|Any CPU.ActiveCfg = Release|Any CPU
		{3E1BEF4C-CC09-4C31-AFB5-15A951811AC6}.Release_Linux|Any CPU.Build.0 = Release|Any CPU
		{3E1BEF4C-CC09-4C31-AFB5-15A951811AC6}.Release_Linux|Mixed Platforms.ActiveCfg = Release|Any CPU
		{3E1BEF4C-CC09-4C31-AFB5-15A951811AC6}.Release_Linux|Mixed Platforms.Build.0 = Release|Any CPU
		{3E1BEF4C-CC09-4C31-AFB5-15A951811AC6}.Release_Linux|Win32.ActiveCfg = Release|Any CPU
		{3E1BEF4C-CC09-4C31-AFB5-15A951811AC6}.Release_Linux|x64.ActiveCfg = Release|Any CPU
		{3E1BEF4C-CC09-4C31-AFB5-15A951811AC6}.Release_Linux|x86.ActiveCfg = Release|Any CPU
		{3E1BEF4C-CC09-4C31-AFB5-15A951811AC6}.Release_NET2|Any CPU.ActiveCfg = Release|Any CPU
		{3E1BEF4C-CC09-4C31-AFB5-15A951811AC6}.Release_NET2|Any CPU.Build.0 = Release|Any CPU
		{3E1BEF4C-CC09-4C31-AFB5-15A951811AC6}.Release_NET2|Mixed Platforms.ActiveCfg = Release|Any CPU
		{3E1BEF4C-CC09-4C31-AFB5-15A951811AC6}.Release_NET2|Mixed Platforms.Build.0 = Release|Any CPU
		{3E1BEF4C-CC09-4C31-AFB5-15A951811AC6}.Release_NET2|Win32.ActiveCfg = Release|Any CPU
		{3E1BEF4C-CC09-4C31-AFB5-15A951811AC6}.Release_NET2|x64.ActiveCfg = Release|Any CPU
		{3E1BEF4C-CC09-4C31-AFB5-15A951811AC6}.Release_NET2|x86.ActiveCfg = Release|Any CPU
		{3E1BEF4C-CC09-4C31-AFB5-15A951811AC6}.Release|Any CPU.ActiveCfg = Release|Any CPU
		{3E1BEF4C-CC09-4C31-AFB5-15A951811AC6}.Release|Any CPU.Build.0 = Release|Any CPU
		{3E1BEF4C-CC09-4C31-AFB5-15A951811AC6}.Release|Mixed Platforms.ActiveCfg = Release|Any CPU
		{3E1BEF4C-CC09-4C31-AFB5-15A951811AC6}.Release|Mixed Platforms.Build.0 = Release|Any CPU
		{3E1BEF4C-CC09-4C31-AFB5-15A951811AC6}.Release|Win32.ActiveCfg = Release|Any CPU
		{3E1BEF4C-CC09-4C31-AFB5-15A951811AC6}.Release|x64.ActiveCfg = Release|Any CPU
		{3E1BEF4C-CC09-4C31-AFB5-15A951811AC6}.Release|x86.ActiveCfg = Release|Any CPU
		{A9AE40FF-1A21-414A-9FE7-3BE13644CC6D}.Debug_Linux|Any CPU.ActiveCfg = Debug|Any CPU
		{A9AE40FF-1A21-414A-9FE7-3BE13644CC6D}.Debug_Linux|Any CPU.Build.0 = Debug|Any CPU
		{A9AE40FF-1A21-414A-9FE7-3BE13644CC6D}.Debug_Linux|Mixed Platforms.ActiveCfg = Debug|Any CPU
		{A9AE40FF-1A21-414A-9FE7-3BE13644CC6D}.Debug_Linux|Mixed Platforms.Build.0 = Debug|Any CPU
		{A9AE40FF-1A21-414A-9FE7-3BE13644CC6D}.Debug_Linux|Win32.ActiveCfg = Debug|Any CPU
		{A9AE40FF-1A21-414A-9FE7-3BE13644CC6D}.Debug_Linux|x64.ActiveCfg = Debug|Any CPU
		{A9AE40FF-1A21-414A-9FE7-3BE13644CC6D}.Debug_Linux|x86.ActiveCfg = Debug|Any CPU
		{A9AE40FF-1A21-414A-9FE7-3BE13644CC6D}.Debug_NET2|Any CPU.ActiveCfg = Debug|Any CPU
		{A9AE40FF-1A21-414A-9FE7-3BE13644CC6D}.Debug_NET2|Any CPU.Build.0 = Debug|Any CPU
		{A9AE40FF-1A21-414A-9FE7-3BE13644CC6D}.Debug_NET2|Mixed Platforms.ActiveCfg = Debug|Any CPU
		{A9AE40FF-1A21-414A-9FE7-3BE13644CC6D}.Debug_NET2|Mixed Platforms.Build.0 = Debug|Any CPU
		{A9AE40FF-1A21-414A-9FE7-3BE13644CC6D}.Debug_NET2|Win32.ActiveCfg = Debug|Any CPU
		{A9AE40FF-1A21-414A-9FE7-3BE13644CC6D}.Debug_NET2|x64.ActiveCfg = Debug|Any CPU
		{A9AE40FF-1A21-414A-9FE7-3BE13644CC6D}.Debug_NET2|x86.ActiveCfg = Debug|Any CPU
		{A9AE40FF-1A21-414A-9FE7-3BE13644CC6D}.Debug|Any CPU.ActiveCfg = Debug|Any CPU
		{A9AE40FF-1A21-414A-9FE7-3BE13644CC6D}.Debug|Any CPU.Build.0 = Debug|Any CPU
		{A9AE40FF-1A21-414A-9FE7-3BE13644CC6D}.Debug|Mixed Platforms.ActiveCfg = Debug|Any CPU
		{A9AE40FF-1A21-414A-9FE7-3BE13644CC6D}.Debug|Mixed Platforms.Build.0 = Debug|Any CPU
		{A9AE40FF-1A21-414A-9FE7-3BE13644CC6D}.Debug|Win32.ActiveCfg = Debug|Any CPU
		{A9AE40FF-1A21-414A-9FE7-3BE13644CC6D}.Debug|x64.ActiveCfg = Debug|Any CPU
		{A9AE40FF-1A21-414A-9FE7-3BE13644CC6D}.Debug|x86.ActiveCfg = Debug|Any CPU
		{A9AE40FF-1A21-414A-9FE7-3BE13644CC6D}.Release_Linux|Any CPU.ActiveCfg = Release|Any CPU
		{A9AE40FF-1A21-414A-9FE7-3BE13644CC6D}.Release_Linux|Any CPU.Build.0 = Release|Any CPU
		{A9AE40FF-1A21-414A-9FE7-3BE13644CC6D}.Release_Linux|Mixed Platforms.ActiveCfg = Release|Any CPU
		{A9AE40FF-1A21-414A-9FE7-3BE13644CC6D}.Release_Linux|Mixed Platforms.Build.0 = Release|Any CPU
		{A9AE40FF-1A21-414A-9FE7-3BE13644CC6D}.Release_Linux|Win32.ActiveCfg = Release|Any CPU
		{A9AE40FF-1A21-414A-9FE7-3BE13644CC6D}.Release_Linux|x64.ActiveCfg = Release|Any CPU
		{A9AE40FF-1A21-414A-9FE7-3BE13644CC6D}.Release_Linux|x86.ActiveCfg = Release|Any CPU
		{A9AE40FF-1A21-414A-9FE7-3BE13644CC6D}.Release_NET2|Any CPU.ActiveCfg = Release|Any CPU
		{A9AE40FF-1A21-414A-9FE7-3BE13644CC6D}.Release_NET2|Any CPU.Build.0 = Release|Any CPU
		{A9AE40FF-1A21-414A-9FE7-3BE13644CC6D}.Release_NET2|Mixed Platforms.ActiveCfg = Release|Any CPU
		{A9AE40FF-1A21-414A-9FE7-3BE13644CC6D}.Release_NET2|Mixed Platforms.Build.0 = Release|Any CPU
		{A9AE40FF-1A21-414A-9FE7-3BE13644CC6D}.Release_NET2|Win32.ActiveCfg = Release|Any CPU
		{A9AE40FF-1A21-414A-9FE7-3BE13644CC6D}.Release_NET2|x64.ActiveCfg = Release|Any CPU
		{A9AE40FF-1A21-414A-9FE7-3BE13644CC6D}.Release_NET2|x86.ActiveCfg = Release|Any CPU
		{A9AE40FF-1A21-414A-9FE7-3BE13644CC6D}.Release|Any CPU.ActiveCfg = Release|Any CPU
		{A9AE40FF-1A21-414A-9FE7-3BE13644CC6D}.Release|Any CPU.Build.0 = Release|Any CPU
		{A9AE40FF-1A21-414A-9FE7-3BE13644CC6D}.Release|Mixed Platforms.ActiveCfg = Release|Any CPU
		{A9AE40FF-1A21-414A-9FE7-3BE13644CC6D}.Release|Mixed Platforms.Build.0 = Release|Any CPU
		{A9AE40FF-1A21-414A-9FE7-3BE13644CC6D}.Release|Win32.ActiveCfg = Release|Any CPU
		{A9AE40FF-1A21-414A-9FE7-3BE13644CC6D}.Release|x64.ActiveCfg = Release|Any CPU
		{A9AE40FF-1A21-414A-9FE7-3BE13644CC6D}.Release|x86.ActiveCfg = Release|Any CPU
	EndGlobalSection
	GlobalSection(SolutionProperties) = preSolution
		HideSolutionNode = FALSE
	EndGlobalSection
EndGlobal
