
Microsoft Visual Studio Solution File, Format Version 12.00
# Visual Studio Express 2012 for Windows Desktop
Project("{FAE04EC0-301F-11D3-BF4B-00C04F79EFBC}") = "Blink1LibDemo", "Blink1LibDemo\Blink1LibDemo.csproj", "{F47758A5-F3F8-4B24-AD5A-333E30E5D249}"
	ProjectSection(ProjectDependencies) = postProject
		{4FE2AE76-BA05-44BC-A04E-5CAF5D7A7D2F} = {4FE2AE76-BA05-44BC-A04E-5CAF5D7A7D2F}
	EndProjectSection
EndProject
Project("{FAE04EC0-301F-11D3-BF4B-00C04F79EFBC}") = "Blink1Lib", "Blink1Lib\Blink1Lib.csproj", "{4FE2AE76-BA05-44BC-A04E-5CAF5D7A7D2F}"
EndProject
Global
	GlobalSection(SolutionConfigurationPlatforms) = preSolution
		Debug|Any CPU = Debug|Any CPU
		Release|Any CPU = Release|Any CPU
	EndGlobalSection
	GlobalSection(ProjectConfigurationPlatforms) = postSolution
		{F47758A5-F3F8-4B24-AD5A-333E30E5D249}.Debug|Any CPU.ActiveCfg = Debug|Any CPU
		{F47758A5-F3F8-4B24-AD5A-333E30E5D249}.Debug|Any CPU.Build.0 = Debug|Any CPU
		{F47758A5-F3F8-4B24-AD5A-333E30E5D249}.Release|Any CPU.ActiveCfg = Release|Any CPU
		{F47758A5-F3F8-4B24-AD5A-333E30E5D249}.Release|Any CPU.Build.0 = Release|Any CPU
		{4FE2AE76-BA05-44BC-A04E-5CAF5D7A7D2F}.Debug|Any CPU.ActiveCfg = Debug|Any CPU
		{4FE2AE76-BA05-44BC-A04E-5CAF5D7A7D2F}.Debug|Any CPU.Build.0 = Debug|Any CPU
		{4FE2AE76-BA05-44BC-A04E-5CAF5D7A7D2F}.Release|Any CPU.ActiveCfg = Release|Any CPU
		{4FE2AE76-BA05-44BC-A04E-5CAF5D7A7D2F}.Release|Any CPU.Build.0 = Release|Any CPU
	EndGlobalSection
	GlobalSection(SolutionProperties) = preSolution
		HideSolutionNode = FALSE
	EndGlobalSection
EndGlobal
